
Microsoft Visual Studio Solution File, Format Version 12.00
# Visual Studio Version 17
VisualStudioVersion = 17.5.002.0
MinimumVisualStudioVersion = 10.0.40219.1
Project("{9A19103F-16F7-4668-BE54-9A1E7A4F7556}") = "AzureFunctionHelloWorld", "Source\AzureFunctionHelloWorld.csproj", "{1F0D0AEF-6E46-4189-8E08-727D1F93CB94}"
EndProject
Project("{9A19103F-16F7-4668-BE54-9A1E7A4F7556}") = "AzureFunctionHelloWorld.Tests", "Tests\AzureFunctionHelloWorld.Tests.csproj", "{8BC89519-AB5C-4085-853E-F9AB2A120DFF}"
EndProject
Global
	GlobalSection(SolutionConfigurationPlatforms) = preSolution
		Debug|Any CPU = Debug|Any CPU
		Release|Any CPU = Release|Any CPU
	EndGlobalSection
	GlobalSection(ProjectConfigurationPlatforms) = postSolution
		{1F0D0AEF-6E46-4189-8E08-727D1F93CB94}.Debug|Any CPU.ActiveCfg = Debug|Any CPU
		{1F0D0AEF-6E46-4189-8E08-727D1F93CB94}.Debug|Any CPU.Build.0 = Debug|Any CPU
		{1F0D0AEF-6E46-4189-8E08-727D1F93CB94}.Release|Any CPU.ActiveCfg = Release|Any CPU
		{1F0D0AEF-6E46-4189-8E08-727D1F93CB94}.Release|Any CPU.Build.0 = Release|Any CPU
		{8BC89519-AB5C-4085-853E-F9AB2A120DFF}.Debug|Any CPU.ActiveCfg = Debug|Any CPU
		{8BC89519-AB5C-4085-853E-F9AB2A120DFF}.Debug|Any CPU.Build.0 = Debug|Any CPU
		{8BC89519-AB5C-4085-853E-F9AB2A120DFF}.Release|Any CPU.ActiveCfg = Release|Any CPU
		{8BC89519-AB5C-4085-853E-F9AB2A120DFF}.Release|Any CPU.Build.0 = Release|Any CPU
	EndGlobalSection
	GlobalSection(SolutionProperties) = preSolution
		HideSolutionNode = FALSE
	EndGlobalSection
	GlobalSection(ExtensibilityGlobals) = postSolution
		SolutionGuid = {69B0B370-71F2-4A6F-9059-3E4C31BE67BA}
	EndGlobalSection
EndGlobal
